# This file is automatically @generated by Cargo.
# It is not intended for manual editing.
version = 4

[[package]]
name = "autocfg"
version = "1.5.0"
source = "registry+https://github.com/rust-lang/crates.io-index"
checksum = "c08606f8c3cbf4ce6ec8e28fb0014a2c086708fe954eaa885384a6165172e7e8"

[[package]]
name = "mdarray"
version = "0.7.0"
source = "git+https://github.com/kulst/mdarray?branch=main#6928a2b1e8ec458bdc65726b59a3fa8b2e9e5e3d"

[[package]]
name = "num-traits"
version = "0.2.19"
source = "registry+https://github.com/rust-lang/crates.io-index"
checksum = "071dfc062690e90b734c0b2273ce72ad0ffa95f0c74596bc250dcfd960262841"
dependencies = [
 "autocfg",
]

[[package]]
name = "simtarray"
version = "0.1.0"
dependencies = [
 "mdarray",
 "num-traits",
]

[[package]]
name = "simtarray-derive"
version = "0.1.0"
